
Microsoft Visual Studio Solution File, Format Version 12.00
Project("{FAE04EC0-301F-11D3-BF4B-00C04F79EFBC}") = "AccountService", "AccountService\AccountService.csproj", "{E5A688E4-D82F-4B45-8DD2-DAB4B49D4DE3}"
EndProject
Project("{FAE04EC0-301F-11D3-BF4B-00C04F79EFBC}") = "ChatService", "ChatService\ChatService.csproj", "{852309DA-1E9B-409B-8A5E-40ECF23ACDE8}"
EndProject
Project("{FAE04EC0-301F-11D3-BF4B-00C04F79EFBC}") = "AuthService", "AuthService\AuthService.csproj", "{29D3ECE3-ACA1-4D82-A18A-8DA8C37EB2B0}"
EndProject
Project("{FAE04EC0-301F-11D3-BF4B-00C04F79EFBC}") = "ModerationService", "ModerationService\ModerationService.csproj", "{57C2E0A5-3023-4EFD-A37A-785942910230}"
EndProject
Project("{2150E333-8FDC-42A3-9474-1A3956D46DE8}") = "Project", "Project", "{7F88C6F3-7FE1-4C03-9730-368D6C0F7ECE}"
EndProject
Project("{FAE04EC0-301F-11D3-BF4B-00C04F79EFBC}") = "APIGateway", "APIGateway\APIGateway.csproj", "{2F96D5B1-2ED6-4FBD-B06A-BB85ABC1D951}"
EndProject
Global
	GlobalSection(SolutionConfigurationPlatforms) = preSolution
		Debug|Any CPU = Debug|Any CPU
		Release|Any CPU = Release|Any CPU
	EndGlobalSection
	GlobalSection(ProjectConfigurationPlatforms) = postSolution
		{E5A688E4-D82F-4B45-8DD2-DAB4B49D4DE3}.Debug|Any CPU.ActiveCfg = Debug|Any CPU
		{E5A688E4-D82F-4B45-8DD2-DAB4B49D4DE3}.Debug|Any CPU.Build.0 = Debug|Any CPU
		{E5A688E4-D82F-4B45-8DD2-DAB4B49D4DE3}.Release|Any CPU.ActiveCfg = Release|Any CPU
		{E5A688E4-D82F-4B45-8DD2-DAB4B49D4DE3}.Release|Any CPU.Build.0 = Release|Any CPU
		{852309DA-1E9B-409B-8A5E-40ECF23ACDE8}.Debug|Any CPU.ActiveCfg = Debug|Any CPU
		{852309DA-1E9B-409B-8A5E-40ECF23ACDE8}.Debug|Any CPU.Build.0 = Debug|Any CPU
		{852309DA-1E9B-409B-8A5E-40ECF23ACDE8}.Release|Any CPU.ActiveCfg = Release|Any CPU
		{852309DA-1E9B-409B-8A5E-40ECF23ACDE8}.Release|Any CPU.Build.0 = Release|Any CPU
		{29D3ECE3-ACA1-4D82-A18A-8DA8C37EB2B0}.Debug|Any CPU.ActiveCfg = Debug|Any CPU
		{29D3ECE3-ACA1-4D82-A18A-8DA8C37EB2B0}.Debug|Any CPU.Build.0 = Debug|Any CPU
		{29D3ECE3-ACA1-4D82-A18A-8DA8C37EB2B0}.Release|Any CPU.ActiveCfg = Release|Any CPU
		{29D3ECE3-ACA1-4D82-A18A-8DA8C37EB2B0}.Release|Any CPU.Build.0 = Release|Any CPU
		{57C2E0A5-3023-4EFD-A37A-785942910230}.Debug|Any CPU.ActiveCfg = Debug|Any CPU
		{57C2E0A5-3023-4EFD-A37A-785942910230}.Debug|Any CPU.Build.0 = Debug|Any CPU
		{57C2E0A5-3023-4EFD-A37A-785942910230}.Release|Any CPU.ActiveCfg = Release|Any CPU
		{57C2E0A5-3023-4EFD-A37A-785942910230}.Release|Any CPU.Build.0 = Release|Any CPU
		{2F96D5B1-2ED6-4FBD-B06A-BB85ABC1D951}.Debug|Any CPU.ActiveCfg = Debug|Any CPU
		{2F96D5B1-2ED6-4FBD-B06A-BB85ABC1D951}.Debug|Any CPU.Build.0 = Debug|Any CPU
		{2F96D5B1-2ED6-4FBD-B06A-BB85ABC1D951}.Release|Any CPU.ActiveCfg = Release|Any CPU
		{2F96D5B1-2ED6-4FBD-B06A-BB85ABC1D951}.Release|Any CPU.Build.0 = Release|Any CPU
	EndGlobalSection
	GlobalSection(NestedProjects) = preSolution
		{E5A688E4-D82F-4B45-8DD2-DAB4B49D4DE3} = {7F88C6F3-7FE1-4C03-9730-368D6C0F7ECE}
		{29D3ECE3-ACA1-4D82-A18A-8DA8C37EB2B0} = {7F88C6F3-7FE1-4C03-9730-368D6C0F7ECE}
		{852309DA-1E9B-409B-8A5E-40ECF23ACDE8} = {7F88C6F3-7FE1-4C03-9730-368D6C0F7ECE}
		{57C2E0A5-3023-4EFD-A37A-785942910230} = {7F88C6F3-7FE1-4C03-9730-368D6C0F7ECE}
		{2F96D5B1-2ED6-4FBD-B06A-BB85ABC1D951} = {7F88C6F3-7FE1-4C03-9730-368D6C0F7ECE}
	EndGlobalSection
EndGlobal
